{
	"name": "nuit-info",
	"lockfileVersion": 3,
	"requires": true,
	"packages": {
		"": {
			"name": "nuit-info"
		},
		"apps/backend": {
			"name": "{{PROJECT_NAME}}-backend",
			"extraneous": true,
			"dependencies": {
				"@fastify/cors": "^11.0.1",
				"@fastify/rate-limit": "^10.3.0",
				"@fastify/swagger": "^9.5.1",
				"@fastify/swagger-ui": "^5.2.3",
				"dotenv": "^16.5.0",
				"fastify": "^5.4.0"
			},
			"devDependencies": {
				"nodemon": "^3.1.10",
				"ts-node": "^10.9.2",
				"tsconfig-paths": "^4.2.0"
			}
		},
		"apps/frontend": {
			"name": "@nuit-info/frontend",
			"version": "0.0.1",
			"extraneous": true,
			"dependencies": {
				"astro": "^5.16.4"
			}
		},
		"packages/shared": {
			"name": "@nuit-info/shared",
			"version": "1.0.0",
			"extraneous": true
		}
	}
}
